
Microsoft Visual Studio Solution File, Format Version 15.00
# Visual Studio 2017
Project("{FAE04EC0-301F-11D3-BF4B-00C04F79EFBC}") = "packt_webapp", "packt_webapp.csproj", "{AF95EECB-4EDC-4BB5-9484-243F0682887D}"
EndProject
Global
	GlobalSection(SolutionConfigurationPlatforms) = preSolution
		Debug|Any CPU = Debug|Any CPU
		Release|Any CPU = Release|Any CPU
	EndGlobalSection
	GlobalSection(ProjectConfigurationPlatforms) = postSolution
		{AF95EECB-4EDC-4BB5-9484-243F0682887D}.Debug|Any CPU.ActiveCfg = Debug|Any CPU
		{AF95EECB-4EDC-4BB5-9484-243F0682887D}.Debug|Any CPU.Build.0 = Debug|Any CPU
		{AF95EECB-4EDC-4BB5-9484-243F0682887D}.Release|Any CPU.ActiveCfg = Release|Any CPU
		{AF95EECB-4EDC-4BB5-9484-243F0682887D}.Release|Any CPU.Build.0 = Release|Any CPU
	EndGlobalSection
EndGlobal
