
Microsoft Visual Studio Solution File, Format Version 12.00
# Visual Studio 2012
Project("{FAE04EC0-301F-11D3-BF4B-00C04F79EFBC}") = "packt_webapp", "packt_webapp\packt_webapp.csproj", "{18B67458-28A0-4939-B5DA-8C8F1E3278C3}"
EndProject
Global
	GlobalSection(SolutionConfigurationPlatforms) = preSolution
		Debug|Any CPU = Debug|Any CPU
		Release|Any CPU = Release|Any CPU
	EndGlobalSection
	GlobalSection(ProjectConfigurationPlatforms) = postSolution
		{18B67458-28A0-4939-B5DA-8C8F1E3278C3}.Debug|Any CPU.ActiveCfg = Debug|Any CPU
		{18B67458-28A0-4939-B5DA-8C8F1E3278C3}.Debug|Any CPU.Build.0 = Debug|Any CPU
		{18B67458-28A0-4939-B5DA-8C8F1E3278C3}.Release|Any CPU.ActiveCfg = Release|Any CPU
		{18B67458-28A0-4939-B5DA-8C8F1E3278C3}.Release|Any CPU.Build.0 = Release|Any CPU
	EndGlobalSection
EndGlobal
